PODS:
  - Alamofire (4.7.3)
  - OMG_bridge (0.1.0):
    - Alamofire (~> 4.6)

DEPENDENCIES:
  - OMG_bridge (from `../`)

SPEC REPOS:
  https://github.com/cocoapods/specs.git:
    - Alamofire

EXTERNAL SOURCES:
  OMG_bridge:
    :path: "../"

SPEC CHECKSUMS:
  Alamofire: c7287b6e5d7da964a70935e5db17046b7fde6568
  OMG_bridge: 6444bd47e9024c7b947c16be7faff831fe2c7474

PODFILE CHECKSUM: 9e39c642e56b1a425be365f2e4349d7a1d0ce64e

COCOAPODS: 1.5.3
