PODS:
  - Alamofire (4.7.3)
  - OMG_bridge (0.1.3):
    - Alamofire (~> 4.6)

DEPENDENCIES:
  - OMG_bridge (from `../`)

SPEC REPOS:
  https://github.com/cocoapods/specs.git:
    - Alamofire

EXTERNAL SOURCES:
  OMG_bridge:
    :path: "../"

SPEC CHECKSUMS:
  Alamofire: c7287b6e5d7da964a70935e5db17046b7fde6568
  OMG_bridge: 9bc65d883801f7fa4297fe361049ea2c4addab3d

PODFILE CHECKSUM: 9e39c642e56b1a425be365f2e4349d7a1d0ce64e

COCOAPODS: 1.5.3
